
Microsoft Visual Studio Solution File, Format Version 12.00
# Visual Studio Version 16
VisualStudioVersion = 16.0.31112.23
MinimumVisualStudioVersion = 10.0.40219.1
Project("{9A19103F-16F7-4668-BE54-9A1E7A4F7556}") = "Oware", "Oware\Oware.csproj", "{941DE4FD-0F2C-4472-8040-10EA96DE90A3}"
EndProject
Project("{9A19103F-16F7-4668-BE54-9A1E7A4F7556}") = "Oware.Tests", "Oware.Tests\Oware.Tests.csproj", "{CB561E19-E6D6-4641-BEEF-770332832636}"
EndProject
Global
	GlobalSection(SolutionConfigurationPlatforms) = preSolution
		Debug|Any CPU = Debug|Any CPU
		Release|Any CPU = Release|Any CPU
	EndGlobalSection
	GlobalSection(ProjectConfigurationPlatforms) = postSolution
		{941DE4FD-0F2C-4472-8040-10EA96DE90A3}.Debug|Any CPU.ActiveCfg = Debug|Any CPU
		{941DE4FD-0F2C-4472-8040-10EA96DE90A3}.Debug|Any CPU.Build.0 = Debug|Any CPU
		{941DE4FD-0F2C-4472-8040-10EA96DE90A3}.Release|Any CPU.ActiveCfg = Release|Any CPU
		{941DE4FD-0F2C-4472-8040-10EA96DE90A3}.Release|Any CPU.Build.0 = Release|Any CPU
		{CB561E19-E6D6-4641-BEEF-770332832636}.Debug|Any CPU.ActiveCfg = Debug|Any CPU
		{CB561E19-E6D6-4641-BEEF-770332832636}.Debug|Any CPU.Build.0 = Debug|Any CPU
		{CB561E19-E6D6-4641-BEEF-770332832636}.Release|Any CPU.ActiveCfg = Release|Any CPU
		{CB561E19-E6D6-4641-BEEF-770332832636}.Release|Any CPU.Build.0 = Release|Any CPU
	EndGlobalSection
	GlobalSection(SolutionProperties) = preSolution
		HideSolutionNode = FALSE
	EndGlobalSection
	GlobalSection(ExtensibilityGlobals) = postSolution
		SolutionGuid = {39E14699-AF73-45DD-90CF-A515E32FF462}
	EndGlobalSection
EndGlobal
